dependencies:
  espressif/esp_websocket_client:
    component_hash: dc00233af846f3a744ada283a300e0d586040aadc3ee67361645ecdce4523672
    dependencies:
    - name: idf
      require: private
      version: '>=5.0'
    source:
      registry_url: https://components.espressif.com/
      type: service
    version: 1.8.0
  idf:
    source:
      type: idf
    version: 5.4.2
direct_dependencies:
- espressif/esp_websocket_client
- idf
manifest_hash: ef1286fc5a7ad45b193086e90a8c227636d9f7d6c481a21dc9ee81735fd7e38d
target: esp32s3
version: 2.0.0
